{
  "R": {
    "Version": "4.1.0",
    "Repositories": [
      {
        "Name": "CRAN",
        "URL": "https://packagemanager.rstudio.com/cran/2021-05-18"
      }
    ]
  },
  "Packages": {
    "renv": {
      "Package": "renv",
      "Version": "0.13.2",
      "Source": "CRAN",
      "Repository": "RSPM",
      "RemoteType": "standard",
      "RemotePkgRef": "renv",
      "RemoteRef": "renv",
      "RemoteRepos": "https://packagemanager.rstudio.com/cran/__linux__/focal/2021-05-18",
      "RemotePkgPlatform": "source",
      "RemoteSha": "0.13.2",
      "Hash": "079cb1f03ff972b30401ed05623cbe92"
    }
  }
}
